// !$*UTF8*$!
{
	archiveVersion = 1;
	classes = {
	};
	objectVersion = 46;
	objects = {

/* Begin PBXBuildFile section */
		1A4C260116DD7B67009F8016 /* UIKit.framework in Frameworks */ = {isa = PBXBuildFile; fileRef = 1A4C260016DD7B67009F8016 /* UIKit.framework */; };
		1A4C260316DD7B67009F8016 /* Foundation.framework in Frameworks */ = {isa = PBXBuildFile; fileRef = 1A4C260216DD7B67009F8016 /* Foundation.framework */; };
		1A4C260516DD7B67009F8016 /* CoreGraphics.framework in Frameworks */ = {isa = PBXBuildFile; fileRef = 1A4C260416DD7B67009F8016 /* CoreGraphics.framework */; };
		1A4C260B16DD7B67009F8016 /* InfoPlist.strings in Resources */ = {isa = PBXBuildFile; fileRef = 1A4C260916DD7B67009F8016 /* InfoPlist.strings */; };
		1A4C260D16DD7B67009F8016 /* main.m in Sources */ = {isa = PBXBuildFile; fileRef = 1A4C260C16DD7B67009F8016 /* main.m */; };
		1A4C261116DD7B67009F8016 /* AppDelegate.m in Sources */ = {isa = PBXBuildFile; fileRef = 1A4C261016DD7B67009F8016 /* AppDelegate.m */; };
		1A4C261316DD7B67009F8016 /* Default.png in Resources */ = {isa = PBXBuildFile; fileRef = 1A4C261216DD7B67009F8016 /* Default.png */; };
		1A4C261516DD7B67009F8016 /* Default@2x.png in Resources */ = {isa = PBXBuildFile; fileRef = 1A4C261416DD7B67009F8016 /* Default@2x.png */; };
		1A4C261716DD7B67009F8016 /* Default-568h@2x.png in Resources */ = {isa = PBXBuildFile; fileRef = 1A4C261616DD7B67009F8016 /* Default-568h@2x.png */; };
		1A4C261A16DD7B67009F8016 /* MainStoryboard.storyboard in Resources */ = {isa = PBXBuildFile; fileRef = 1A4C261816DD7B67009F8016 /* MainStoryboard.storyboard */; };
		1A4C261D16DD7B67009F8016 /* ViewController.m in Sources */ = {isa = PBXBuildFile; fileRef = 1A4C261C16DD7B67009F8016 /* ViewController.m */; };
/* End PBXBuildFile section */

/* Begin PBXFileReference section */
		1A4C25FD16DD7B67009F8016 /* test.app */ = {isa = PBXFileReference; explicitFileType = wrapper.application; includeInIndex = 0; path = test.app; sourceTree = BUILT_PRODUCTS_DIR; };
		1A4C260016DD7B67009F8016 /* UIKit.framework */ = {isa = PBXFileReference; lastKnownFileType = wrapper.framework; name = UIKit.framework; path = System/Library/Frameworks/UIKit.framework; sourceTree = SDKROOT; };
		1A4C260216DD7B67009F8016 /* Foundation.framework */ = {isa = PBXFileReference; lastKnownFileType = wrapper.framework; name = Foundation.framework; path = System/Library/Frameworks/Foundation.framework; sourceTree = SDKROOT; };
		1A4C260416DD7B67009F8016 /* CoreGraphics.framework */ = {isa = PBXFileReference; lastKnownFileType = wrapper.framework; name = CoreGraphics.framework; path = System/Library/Frameworks/CoreGraphics.framework; sourceTree = SDKROOT; };
		1A4C260816DD7B67009F8016 /* test-Info.plist */ = {isa = PBXFileReference; lastKnownFileType = text.plist.xml; path = "test-Info.plist"; sourceTree = "<group>"; };
		1A4C260A16DD7B67009F8016 /* en */ = {isa = PBXFileReference; lastKnownFileType = text.plist.strings; name = en; path = en.lproj/InfoPlist.strings; sourceTree = "<group>"; };
		1A4C260C16DD7B67009F8016 /* main.m */ = {isa = PBXFileReference; lastKnownFileType = sourcecode.c.objc; path = main.m; sourceTree = "<group>"; };
		1A4C260E16DD7B67009F8016 /* test-Prefix.pch */ = {isa = PBXFileReference; lastKnownFileType = sourcecode.c.h; path = "test-Prefix.pch"; sourceTree = "<group>"; };
		1A4C260F16DD7B67009F8016 /* AppDelegate.h */ = {isa = PBXFileReference; lastKnownFileType = sourcecode.c.h; path = AppDelegate.h; sourceTree = "<group>"; };
		1A4C261016DD7B67009F8016 /* AppDelegate.m */ = {isa = PBXFileReference; lastKnownFileType = sourcecode.c.objc; path = AppDelegate.m; sourceTree = "<group>"; };
		1A4C261216DD7B67009F8016 /* Default.png */ = {isa = PBXFileReference; lastKnownFileType = image.png; path = Default.png; sourceTree = "<group>"; };
		1A4C261416DD7B67009F8016 /* Default@2x.png */ = {isa = PBXFileReference; lastKnownFileType = image.png; path = "Default@2x.png"; sourceTree = "<group>"; };
		1A4C261616DD7B67009F8016 /* Default-568h@2x.png */ = {isa = PBXFileReference; lastKnownFileType = image.png; path = "Default-568h@2x.png"; sourceTree = "<group>"; };
		1A4C261916DD7B67009F8016 /* en */ = {isa = PBXFileReference; lastKnownFileType = file.storyboard; name = en; path = en.lproj/MainStoryboard.storyboard; sourceTree = "<group>"; };
		1A4C261B16DD7B67009F8016 /* ViewController.h */ = {isa = PBXFileReference; lastKnownFileType = sourcecode.c.h; path = ViewController.h; sourceTree = "<group>"; };
		1A4C261C16DD7B67009F8016 /* ViewController.m */ = {isa = PBXFileReference; lastKnownFileType = sourcecode.c.objc; path = ViewController.m; sourceTree = "<group>"; };
/* End PBXFileReference section */

/* Begin PBXFrameworksBuildPhase section */
		1A4C25FA16DD7B67009F8016 /* Frameworks */ = {
			isa = PBXFrameworksBuildPhase;
			buildActionMask = 2147483647;
			files = (
				1A4C260116DD7B67009F8016 /* UIKit.framework in Frameworks */,
				1A4C260316DD7B67009F8016 /* Foundation.framework in Frameworks */,
				1A4C260516DD7B67009F8016 /* CoreGraphics.framework in Frameworks */,
			);
			runOnlyForDeploymentPostprocessing = 0;
		};
/* End PBXFrameworksBuildPhase section */

/* Begin PBXGroup section */
		1A4C25F416DD7B67009F8016 = {
			isa = PBXGroup;
			children = (
				1A4C260616DD7B67009F8016 /* test */,
				1A4C25FF16DD7B67009F8016 /* Frameworks */,
				1A4C25FE16DD7B67009F8016 /* Products */,
			);
			sourceTree = "<group>";
		};
		1A4C25FE16DD7B67009F8016 /* Products */ = {
			isa = PBXGroup;
			children = (
				1A4C25FD16DD7B67009F8016 /* test.app */,
			);
			name = Products;
			sourceTree = "<group>";
		};
		1A4C25FF16DD7B67009F8016 /* Frameworks */ = {
			isa = PBXGroup;
			children = (
				1A4C260016DD7B67009F8016 /* UIKit.framework */,
				1A4C260216DD7B67009F8016 /* Foundation.framework */,
				1A4C260416DD7B67009F8016 /* CoreGraphics.framework */,
			);
			name = Frameworks;
			sourceTree = "<group>";
		};
		1A4C260616DD7B67009F8016 /* test */ = {
			isa = PBXGroup;
			children = (
				1A4C260F16DD7B67009F8016 /* AppDelegate.h */,
				1A4C261016DD7B67009F8016 /* AppDelegate.m */,
				1A4C261816DD7B67009F8016 /* MainStoryboard.storyboard */,
				1A4C261B16DD7B67009F8016 /* ViewController.h */,
				1A4C261C16DD7B67009F8016 /* ViewController.m */,
				1A4C260716DD7B67009F8016 /* Supporting Files */,
			);
			path = test;
			sourceTree = "<group>";
		};
		1A4C260716DD7B67009F8016 /* Supporting Files */ = {
			isa = PBXGroup;
			children = (
				1A4C260816DD7B67009F8016 /* test-Info.plist */,
				1A4C260916DD7B67009F8016 /* InfoPlist.strings */,
				1A4C260C16DD7B67009F8016 /* main.m */,
				1A4C260E16DD7B67009F8016 /* test-Prefix.pch */,
				1A4C261216DD7B67009F8016 /* Default.png */,
				1A4C261416DD7B67009F8016 /* Default@2x.png */,
				1A4C261616DD7B67009F8016 /* Default-568h@2x.png */,
			);
			name = "Supporting Files";
			sourceTree = "<group>";
		};
/* End PBXGroup section */

/* Begin PBXNativeTarget section */
		1A4C25FC16DD7B67009F8016 /* test */ = {
			isa = PBXNativeTarget;
			buildConfigurationList = 1A4C262016DD7B67009F8016 /* Build configuration list for PBXNativeTarget "test" */;
			buildPhases = (
				1A4C25F916DD7B67009F8016 /* Sources */,
				1A4C25FA16DD7B67009F8016 /* Frameworks */,
				1A4C25FB16DD7B67009F8016 /* Resources */,
			);
			buildRules = (
			);
			dependencies = (
			);
			name = test;
			productName = test;
			productReference = 1A4C25FD16DD7B67009F8016 /* test.app */;
			productType = "com.apple.product-type.application";
		};
/* End PBXNativeTarget section */

/* Begin PBXProject section */
		1A4C25F516DD7B67009F8016 /* Project object */ = {
			isa = PBXProject;
			attributes = {
				LastUpgradeCheck = 0460;
				ORGANIZATIONNAME = "James Nguyen";
			};
			buildConfigurationList = 1A4C25F816DD7B67009F8016 /* Build configuration list for PBXProject "test" */;
			compatibilityVersion = "Xcode 3.2";
			developmentRegion = English;
			hasScannedForEncodings = 0;
			knownRegions = (
				en,
			);
			mainGroup = 1A4C25F416DD7B67009F8016;
			productRefGroup = 1A4C25FE16DD7B67009F8016 /* Products */;
			projectDirPath = "";
			projectRoot = "";
			targets = (
				1A4C25FC16DD7B67009F8016 /* test */,
			);
		};
/* End PBXProject section */

/* Begin PBXResourcesBuildPhase section */
		1A4C25FB16DD7B67009F8016 /* Resources */ = {
			isa = PBXResourcesBuildPhase;
			buildActionMask = 2147483647;
			files = (
				1A4C260B16DD7B67009F8016 /* InfoPlist.strings in Resources */,
				1A4C261316DD7B67009F8016 /* Default.png in Resources */,
				1A4C261516DD7B67009F8016 /* Default@2x.png in Resources */,
				1A4C261716DD7B67009F8016 /* Default-568h@2x.png in Resources */,
				1A4C261A16DD7B67009F8016 /* MainStoryboard.storyboard in Resources */,
			);
			runOnlyForDeploymentPostprocessing = 0;
		};
/* End PBXResourcesBuildPhase section */

/* Begin PBXSourcesBuildPhase section */
		1A4C25F916DD7B67009F8016 /* Sources */ = {
			isa = PBXSourcesBuildPhase;
			buildActionMask = 2147483647;
			files = (
				1A4C260D16DD7B67009F8016 /* main.m in Sources */,
				1A4C261116DD7B67009F8016 /* AppDelegate.m in Sources */,
				1A4C261D16DD7B67009F8016 /* ViewController.m in Sources */,
			);
			runOnlyForDeploymentPostprocessing = 0;
		};
/* End PBXSourcesBuildPhase section */

/* Begin PBXVariantGroup section */
		1A4C260916DD7B67009F8016 /* InfoPlist.strings */ = {
			isa = PBXVariantGroup;
			children = (
				1A4C260A16DD7B67009F8016 /* en */,
			);
			name = InfoPlist.strings;
			sourceTree = "<group>";
		};
		1A4C261816DD7B67009F8016 /* MainStoryboard.storyboard */ = {
			isa = PBXVariantGroup;
			children = (
				1A4C261916DD7B67009F8016 /* en */,
			);
			name = MainStoryboard.storyboard;
			sourceTree = "<group>";
		};
/* End PBXVariantGroup section */

/* Begin XCBuildConfiguration section */
		1A4C261E16DD7B67009F8016 /* Debug */ = {
			isa = XCBuildConfiguration;
			buildSettings = {
				ALWAYS_SEARCH_USER_PATHS = NO;
				CLANG_CXX_LANGUAGE_STANDARD = "gnu++0x";
				CLANG_CXX_LIBRARY = "libc++";
				CLANG_WARN_CONSTANT_CONVERSION = YES;
				CLANG_WARN_EMPTY_BODY = YES;
				CLANG_WARN_ENUM_CONVERSION = YES;
				CLANG_WARN_INT_CONVERSION = YES;
				CLANG_WARN__DUPLICATE_METHOD_MATCH = YES;
				"CODE_SIGN_IDENTITY[sdk=iphoneos*]" = "iPhone Developer";
				COPY_PHASE_STRIP = NO;
				GCC_C_LANGUAGE_STANDARD = gnu99;
				GCC_DYNAMIC_NO_PIC = NO;
				GCC_OPTIMIZATION_LEVEL = 0;
				GCC_PREPROCESSOR_DEFINITIONS = (
					"DEBUG=1",
					"$(inherited)",
				);
				GCC_SYMBOLS_PRIVATE_EXTERN = NO;
				GCC_WARN_ABOUT_RETURN_TYPE = YES;
				GCC_WARN_UNINITIALIZED_AUTOS = YES;
				GCC_WARN_UNUSED_VARIABLE = YES;
				IPHONEOS_DEPLOYMENT_TARGET = 6.1;
				ONLY_ACTIVE_ARCH = YES;
				SDKROOT = iphoneos;
			};
			name = Debug;
		};
		1A4C261F16DD7B67009F8016 /* Release */ = {
			isa = XCBuildConfiguration;
			buildSettings = {
				ALWAYS_SEARCH_USER_PATHS = NO;
				CLANG_CXX_LANGUAGE_STANDARD = "gnu++0x";
				CLANG_CXX_LIBRARY = "libc++";
				CLANG_WARN_CONSTANT_CONVERSION = YES;
				CLANG_WARN_EMPTY_BODY = YES;
				CLANG_WARN_ENUM_CONVERSION = YES;
				CLANG_WARN_INT_CONVERSION = YES;
				CLANG_WARN__DUPLICATE_METHOD_MATCH = YES;
				"CODE_SIGN_IDENTITY[sdk=iphoneos*]" = "iPhone Developer";
				COPY_PHASE_STRIP = YES;
				GCC_C_LANGUAGE_STANDARD = gnu99;
				GCC_WARN_ABOUT_RETURN_TYPE = YES;
				GCC_WARN_UNINITIALIZED_AUTOS = YES;
				GCC_WARN_UNUSED_VARIABLE = YES;
				IPHONEOS_DEPLOYMENT_TARGET = 6.1;
				OTHER_CFLAGS = "-DNS_BLOCK_ASSERTIONS=1";
				SDKROOT = iphoneos;
				VALIDATE_PRODUCT = YES;
			};
			name = Release;
		};
		1A4C262116DD7B67009F8016 /* Debug */ = {
			isa = XCBuildConfiguration;
			buildSettings = {
				GCC_PRECOMPILE_PREFIX_HEADER = YES;
				GCC_PREFIX_HEADER = "test/test-Prefix.pch";
				INFOPLIST_FILE = "test/test-Info.plist";
				PRODUCT_NAME = "$(TARGET_NAME)";
				WRAPPER_EXTENSION = app;
			};
			name = Debug;
		};
		1A4C262216DD7B67009F8016 /* Release */ = {
			isa = XCBuildConfiguration;
			buildSettings = {
				GCC_PRECOMPILE_PREFIX_HEADER = YES;
				GCC_PREFIX_HEADER = "test/test-Prefix.pch";
				INFOPLIST_FILE = "test/test-Info.plist";
				PRODUCT_NAME = "$(TARGET_NAME)";
				WRAPPER_EXTENSION = app;
			};
			name = Release;
		};
/* End XCBuildConfiguration section */

/* Begin XCConfigurationList section */
		1A4C25F816DD7B67009F8016 /* Build configuration list for PBXProject "test" */ = {
			isa = XCConfigurationList;
			buildConfigurations = (
				1A4C261E16DD7B67009F8016 /* Debug */,
				1A4C261F16DD7B67009F8016 /* Release */,
			);
			defaultConfigurationIsVisible = 0;
			defaultConfigurationName = Release;
		};
		1A4C262016DD7B67009F8016 /* Build configuration list for PBXNativeTarget "test" */ = {
			isa = XCConfigurationList;
			buildConfigurations = (
				1A4C262116DD7B67009F8016 /* Debug */,
				1A4C262216DD7B67009F8016 /* Release */,
			);
			defaultConfigurationIsVisible = 0;
		};
/* End XCConfigurationList section */
	};
	rootObject = 1A4C25F516DD7B67009F8016 /* Project object */;
}
